// !$*UTF8*$!
{
	archiveVersion = 1;
	classes = {
	};
	objectVersion = 56;
	objects = {

/* Begin PBXBuildFile section */
		568B9F5B2ABC561100C743BB /* CharactersViewModel.swift in Sources */ = {isa = PBXBuildFile; fileRef = 568B9F5A2ABC561100C743BB /* CharactersViewModel.swift */; };
		568B9F5D2ABCD34E00C743BB /* ImageManager.swift in Sources */ = {isa = PBXBuildFile; fileRef = 568B9F5C2ABCD34E00C743BB /* ImageManager.swift */; };
		568B9F5F2ABCD39B00C743BB /* ImageManagerError.swift in Sources */ = {isa = PBXBuildFile; fileRef = 568B9F5E2ABCD39B00C743BB /* ImageManagerError.swift */; };
		568B9F622ABCD49000C743BB /* FileManager.swift in Sources */ = {isa = PBXBuildFile; fileRef = 568B9F612ABCD49000C743BB /* FileManager.swift */; };
		568B9F652ABCD56100C743BB /* NSObject+Ext.swift in Sources */ = {isa = PBXBuildFile; fileRef = 568B9F642ABCD56100C743BB /* NSObject+Ext.swift */; };
		56E1AE182AB9AEAA008F2522 /* AppDelegate.swift in Sources */ = {isa = PBXBuildFile; fileRef = 56E1AE172AB9AEAA008F2522 /* AppDelegate.swift */; };
		56E1AE1A2AB9AEAA008F2522 /* SceneDelegate.swift in Sources */ = {isa = PBXBuildFile; fileRef = 56E1AE192AB9AEAA008F2522 /* SceneDelegate.swift */; };
		56E1AE1C2AB9AEAA008F2522 /* ViewController.swift in Sources */ = {isa = PBXBuildFile; fileRef = 56E1AE1B2AB9AEAA008F2522 /* ViewController.swift */; };
		56E1AE1F2AB9AEAA008F2522 /* Main.storyboard in Resources */ = {isa = PBXBuildFile; fileRef = 56E1AE1D2AB9AEAA008F2522 /* Main.storyboard */; };
		56E1AE212AB9AEAC008F2522 /* Assets.xcassets in Resources */ = {isa = PBXBuildFile; fileRef = 56E1AE202AB9AEAC008F2522 /* Assets.xcassets */; };
		56E1AE242AB9AEAC008F2522 /* LaunchScreen.storyboard in Resources */ = {isa = PBXBuildFile; fileRef = 56E1AE222AB9AEAC008F2522 /* LaunchScreen.storyboard */; };
		56E1AE2D2ABAEBFA008F2522 /* NetworkClient.swift in Sources */ = {isa = PBXBuildFile; fileRef = 56E1AE2C2ABAEBFA008F2522 /* NetworkClient.swift */; };
		56E1AE302ABAEC96008F2522 /* Constants.swift in Sources */ = {isa = PBXBuildFile; fileRef = 56E1AE2F2ABAEC96008F2522 /* Constants.swift */; };
		56E1AE332ABAF019008F2522 /* Crypto.swift in Sources */ = {isa = PBXBuildFile; fileRef = 56E1AE322ABAF019008F2522 /* Crypto.swift */; };
		56E1AE362ABB13AA008F2522 /* Data+Ext.swift in Sources */ = {isa = PBXBuildFile; fileRef = 56E1AE352ABB13A9008F2522 /* Data+Ext.swift */; };
		56E1AE382ABB152A008F2522 /* NetworkError.swift in Sources */ = {isa = PBXBuildFile; fileRef = 56E1AE372ABB152A008F2522 /* NetworkError.swift */; };
		56E1AE3C2ABB15A7008F2522 /* Constants+APIEndpoint.swift in Sources */ = {isa = PBXBuildFile; fileRef = 56E1AE3B2ABB15A7008F2522 /* Constants+APIEndpoint.swift */; };
		56E4FA592ABC3B3E00B60225 /* Observation.swift in Sources */ = {isa = PBXBuildFile; fileRef = 56E4FA582ABC3B3E00B60225 /* Observation.swift */; };
		56E4FA5C2ABC3BE300B60225 /* BaseViewModel.swift in Sources */ = {isa = PBXBuildFile; fileRef = 56E4FA5B2ABC3BE300B60225 /* BaseViewModel.swift */; };
		56E4FA602ABC424B00B60225 /* CharactersResponse.swift in Sources */ = {isa = PBXBuildFile; fileRef = 56E4FA5F2ABC424B00B60225 /* CharactersResponse.swift */; };
		56E4FA632ABC430500B60225 /* BaseResponse.swift in Sources */ = {isa = PBXBuildFile; fileRef = 56E4FA622ABC430500B60225 /* BaseResponse.swift */; };
		56F352642ABD88A40066AB28 /* BaseImageView.swift in Sources */ = {isa = PBXBuildFile; fileRef = 56F352632ABD88A40066AB28 /* BaseImageView.swift */; };
/* End PBXBuildFile section */

/* Begin PBXFileReference section */
		568B9F5A2ABC561100C743BB /* CharactersViewModel.swift */ = {isa = PBXFileReference; lastKnownFileType = sourcecode.swift; path = CharactersViewModel.swift; sourceTree = "<group>"; };
		568B9F5C2ABCD34E00C743BB /* ImageManager.swift */ = {isa = PBXFileReference; lastKnownFileType = sourcecode.swift; path = ImageManager.swift; sourceTree = "<group>"; };
		568B9F5E2ABCD39B00C743BB /* ImageManagerError.swift */ = {isa = PBXFileReference; lastKnownFileType = sourcecode.swift; path = ImageManagerError.swift; sourceTree = "<group>"; };
		568B9F612ABCD49000C743BB /* FileManager.swift */ = {isa = PBXFileReference; lastKnownFileType = sourcecode.swift; path = FileManager.swift; sourceTree = "<group>"; };
		568B9F642ABCD56100C743BB /* NSObject+Ext.swift */ = {isa = PBXFileReference; lastKnownFileType = sourcecode.swift; path = "NSObject+Ext.swift"; sourceTree = "<group>"; };
		56E1AE142AB9AEAA008F2522 /* Marvel.app */ = {isa = PBXFileReference; explicitFileType = wrapper.application; includeInIndex = 0; path = Marvel.app; sourceTree = BUILT_PRODUCTS_DIR; };
		56E1AE172AB9AEAA008F2522 /* AppDelegate.swift */ = {isa = PBXFileReference; lastKnownFileType = sourcecode.swift; path = AppDelegate.swift; sourceTree = "<group>"; };
		56E1AE192AB9AEAA008F2522 /* SceneDelegate.swift */ = {isa = PBXFileReference; lastKnownFileType = sourcecode.swift; path = SceneDelegate.swift; sourceTree = "<group>"; };
		56E1AE1B2AB9AEAA008F2522 /* ViewController.swift */ = {isa = PBXFileReference; lastKnownFileType = sourcecode.swift; path = ViewController.swift; sourceTree = "<group>"; };
		56E1AE1E2AB9AEAA008F2522 /* Base */ = {isa = PBXFileReference; lastKnownFileType = file.storyboard; name = Base; path = Base.lproj/Main.storyboard; sourceTree = "<group>"; };
		56E1AE202AB9AEAC008F2522 /* Assets.xcassets */ = {isa = PBXFileReference; lastKnownFileType = folder.assetcatalog; path = Assets.xcassets; sourceTree = "<group>"; };
		56E1AE232AB9AEAC008F2522 /* Base */ = {isa = PBXFileReference; lastKnownFileType = file.storyboard; name = Base; path = Base.lproj/LaunchScreen.storyboard; sourceTree = "<group>"; };
		56E1AE252AB9AEAC008F2522 /* Info.plist */ = {isa = PBXFileReference; lastKnownFileType = text.plist.xml; path = Info.plist; sourceTree = "<group>"; };
		56E1AE2C2ABAEBFA008F2522 /* NetworkClient.swift */ = {isa = PBXFileReference; lastKnownFileType = sourcecode.swift; path = NetworkClient.swift; sourceTree = "<group>"; };
		56E1AE2F2ABAEC96008F2522 /* Constants.swift */ = {isa = PBXFileReference; lastKnownFileType = sourcecode.swift; path = Constants.swift; sourceTree = "<group>"; };
		56E1AE322ABAF019008F2522 /* Crypto.swift */ = {isa = PBXFileReference; lastKnownFileType = sourcecode.swift; path = Crypto.swift; sourceTree = "<group>"; };
		56E1AE352ABB13A9008F2522 /* Data+Ext.swift */ = {isa = PBXFileReference; lastKnownFileType = sourcecode.swift; path = "Data+Ext.swift"; sourceTree = "<group>"; };
		56E1AE372ABB152A008F2522 /* NetworkError.swift */ = {isa = PBXFileReference; lastKnownFileType = sourcecode.swift; path = NetworkError.swift; sourceTree = "<group>"; };
		56E1AE3B2ABB15A7008F2522 /* Constants+APIEndpoint.swift */ = {isa = PBXFileReference; lastKnownFileType = sourcecode.swift; path = "Constants+APIEndpoint.swift"; sourceTree = "<group>"; };
		56E4FA582ABC3B3E00B60225 /* Observation.swift */ = {isa = PBXFileReference; lastKnownFileType = sourcecode.swift; path = Observation.swift; sourceTree = "<group>"; };
		56E4FA5B2ABC3BE300B60225 /* BaseViewModel.swift */ = {isa = PBXFileReference; lastKnownFileType = sourcecode.swift; path = BaseViewModel.swift; sourceTree = "<group>"; };
		56E4FA5F2ABC424B00B60225 /* CharactersResponse.swift */ = {isa = PBXFileReference; lastKnownFileType = sourcecode.swift; path = CharactersResponse.swift; sourceTree = "<group>"; };
		56E4FA622ABC430500B60225 /* BaseResponse.swift */ = {isa = PBXFileReference; lastKnownFileType = sourcecode.swift; path = BaseResponse.swift; sourceTree = "<group>"; };
		56F352632ABD88A40066AB28 /* BaseImageView.swift */ = {isa = PBXFileReference; lastKnownFileType = sourcecode.swift; path = BaseImageView.swift; sourceTree = "<group>"; };
/* End PBXFileReference section */

/* Begin PBXFrameworksBuildPhase section */
		56E1AE112AB9AEAA008F2522 /* Frameworks */ = {
			isa = PBXFrameworksBuildPhase;
			buildActionMask = 2147483647;
			files = (
			);
			runOnlyForDeploymentPostprocessing = 0;
		};
/* End PBXFrameworksBuildPhase section */

/* Begin PBXGroup section */
		568B9F602ABCD48100C743BB /* FileManager */ = {
			isa = PBXGroup;
			children = (
				568B9F612ABCD49000C743BB /* FileManager.swift */,
			);
			path = FileManager;
			sourceTree = "<group>";
		};
		56E1AE0B2AB9AEAA008F2522 = {
			isa = PBXGroup;
			children = (
				56E1AE162AB9AEAA008F2522 /* Marvel */,
				56E1AE152AB9AEAA008F2522 /* Products */,
			);
			sourceTree = "<group>";
		};
		56E1AE152AB9AEAA008F2522 /* Products */ = {
			isa = PBXGroup;
			children = (
				56E1AE142AB9AEAA008F2522 /* Marvel.app */,
			);
			name = Products;
			sourceTree = "<group>";
		};
		56E1AE162AB9AEAA008F2522 /* Marvel */ = {
			isa = PBXGroup;
			children = (
				56E1AE312ABAEFFC008F2522 /* Base */,
				56E1AE2E2ABAEC8A008F2522 /* Constants */,
				56E4FA5E2ABC423C00B60225 /* Features */,
				56E1AE172AB9AEAA008F2522 /* AppDelegate.swift */,
				56E1AE192AB9AEAA008F2522 /* SceneDelegate.swift */,
				56E1AE1B2AB9AEAA008F2522 /* ViewController.swift */,
				56E1AE1D2AB9AEAA008F2522 /* Main.storyboard */,
				56E1AE202AB9AEAC008F2522 /* Assets.xcassets */,
				56E1AE222AB9AEAC008F2522 /* LaunchScreen.storyboard */,
				56E1AE252AB9AEAC008F2522 /* Info.plist */,
				56E1AE342ABB139A008F2522 /* Extensions */,
			);
			path = Marvel;
			sourceTree = "<group>";
		};
		56E1AE2B2ABAEB87008F2522 /* Network Layer */ = {
			isa = PBXGroup;
			children = (
				56E1AE2C2ABAEBFA008F2522 /* NetworkClient.swift */,
				56E1AE372ABB152A008F2522 /* NetworkError.swift */,
				568B9F5C2ABCD34E00C743BB /* ImageManager.swift */,
				568B9F5E2ABCD39B00C743BB /* ImageManagerError.swift */,
			);
			path = "Network Layer";
			sourceTree = "<group>";
		};
		56E1AE2E2ABAEC8A008F2522 /* Constants */ = {
			isa = PBXGroup;
			children = (
				56E1AE2F2ABAEC96008F2522 /* Constants.swift */,
				56E1AE3B2ABB15A7008F2522 /* Constants+APIEndpoint.swift */,
			);
			path = Constants;
			sourceTree = "<group>";
		};
		56E1AE312ABAEFFC008F2522 /* Base */ = {
			isa = PBXGroup;
			children = (
				56F352622ABD88950066AB28 /* UIKit */,
				56E4FA582ABC3B3E00B60225 /* Observation.swift */,
				56E1AE392ABB1567008F2522 /* Cryto */,
				568B9F602ABCD48100C743BB /* FileManager */,
				56E1AE2B2ABAEB87008F2522 /* Network Layer */,
				56E4FA5A2ABC3BD100B60225 /* BaseViewModel */,
				56E4FA612ABC42E800B60225 /* Base Response */,
			);
			path = Base;
			sourceTree = "<group>";
		};
		56E1AE342ABB139A008F2522 /* Extensions */ = {
			isa = PBXGroup;
			children = (
				56E1AE3A2ABB157F008F2522 /* Foundation Extensions */,
				56F352612ABD87970066AB28 /* UIKit Extensions */,
			);
			path = Extensions;
			sourceTree = "<group>";
		};
		56E1AE392ABB1567008F2522 /* Cryto */ = {
			isa = PBXGroup;
			children = (
				56E1AE322ABAF019008F2522 /* Crypto.swift */,
			);
			path = Cryto;
			sourceTree = "<group>";
		};
		56E1AE3A2ABB157F008F2522 /* Foundation Extensions */ = {
			isa = PBXGroup;
			children = (
				56E1AE352ABB13A9008F2522 /* Data+Ext.swift */,
				568B9F642ABCD56100C743BB /* NSObject+Ext.swift */,
			);
			path = "Foundation Extensions";
			sourceTree = "<group>";
		};
		56E4FA5A2ABC3BD100B60225 /* BaseViewModel */ = {
			isa = PBXGroup;
			children = (
				56E4FA5B2ABC3BE300B60225 /* BaseViewModel.swift */,
			);
			path = BaseViewModel;
			sourceTree = "<group>";
		};
		56E4FA5D2ABC422C00B60225 /* Characters */ = {
			isa = PBXGroup;
			children = (
				56E4FA5F2ABC424B00B60225 /* CharactersResponse.swift */,
				568B9F5A2ABC561100C743BB /* CharactersViewModel.swift */,
			);
			path = Characters;
			sourceTree = "<group>";
		};
		56E4FA5E2ABC423C00B60225 /* Features */ = {
			isa = PBXGroup;
			children = (
				56E4FA5D2ABC422C00B60225 /* Characters */,
			);
			path = Features;
			sourceTree = "<group>";
		};
		56E4FA612ABC42E800B60225 /* Base Response */ = {
			isa = PBXGroup;
			children = (
				56E4FA622ABC430500B60225 /* BaseResponse.swift */,
			);
			path = "Base Response";
			sourceTree = "<group>";
		};
		56F352612ABD87970066AB28 /* UIKit Extensions */ = {
			isa = PBXGroup;
			children = (
			);
			path = "UIKit Extensions";
			sourceTree = "<group>";
		};
		56F352622ABD88950066AB28 /* UIKit */ = {
			isa = PBXGroup;
			children = (
				56F352632ABD88A40066AB28 /* BaseImageView.swift */,
			);
			path = UIKit;
			sourceTree = "<group>";
		};
/* End PBXGroup section */

/* Begin PBXNativeTarget section */
		56E1AE132AB9AEAA008F2522 /* Marvel */ = {
			isa = PBXNativeTarget;
			buildConfigurationList = 56E1AE282AB9AEAC008F2522 /* Build configuration list for PBXNativeTarget "Marvel" */;
			buildPhases = (
				56E1AE102AB9AEAA008F2522 /* Sources */,
				56E1AE112AB9AEAA008F2522 /* Frameworks */,
				56E1AE122AB9AEAA008F2522 /* Resources */,
			);
			buildRules = (
			);
			dependencies = (
			);
			name = Marvel;
			productName = Marvel;
			productReference = 56E1AE142AB9AEAA008F2522 /* Marvel.app */;
			productType = "com.apple.product-type.application";
		};
/* End PBXNativeTarget section */

/* Begin PBXProject section */
		56E1AE0C2AB9AEAA008F2522 /* Project object */ = {
			isa = PBXProject;
			attributes = {
				BuildIndependentTargetsInParallel = 1;
				LastSwiftUpdateCheck = 1500;
				LastUpgradeCheck = 1500;
				TargetAttributes = {
					56E1AE132AB9AEAA008F2522 = {
						CreatedOnToolsVersion = 15.0;
					};
				};
			};
			buildConfigurationList = 56E1AE0F2AB9AEAA008F2522 /* Build configuration list for PBXProject "Marvel" */;
			compatibilityVersion = "Xcode 14.0";
			developmentRegion = en;
			hasScannedForEncodings = 0;
			knownRegions = (
				en,
				Base,
			);
			mainGroup = 56E1AE0B2AB9AEAA008F2522;
			productRefGroup = 56E1AE152AB9AEAA008F2522 /* Products */;
			projectDirPath = "";
			projectRoot = "";
			targets = (
				56E1AE132AB9AEAA008F2522 /* Marvel */,
			);
		};
/* End PBXProject section */

/* Begin PBXResourcesBuildPhase section */
		56E1AE122AB9AEAA008F2522 /* Resources */ = {
			isa = PBXResourcesBuildPhase;
			buildActionMask = 2147483647;
			files = (
				56E1AE242AB9AEAC008F2522 /* LaunchScreen.storyboard in Resources */,
				56E1AE212AB9AEAC008F2522 /* Assets.xcassets in Resources */,
				56E1AE1F2AB9AEAA008F2522 /* Main.storyboard in Resources */,
			);
			runOnlyForDeploymentPostprocessing = 0;
		};
/* End PBXResourcesBuildPhase section */

/* Begin PBXSourcesBuildPhase section */
		56E1AE102AB9AEAA008F2522 /* Sources */ = {
			isa = PBXSourcesBuildPhase;
			buildActionMask = 2147483647;
			files = (
				568B9F622ABCD49000C743BB /* FileManager.swift in Sources */,
				56E1AE332ABAF019008F2522 /* Crypto.swift in Sources */,
				56E4FA5C2ABC3BE300B60225 /* BaseViewModel.swift in Sources */,
				56E1AE382ABB152A008F2522 /* NetworkError.swift in Sources */,
				56E1AE302ABAEC96008F2522 /* Constants.swift in Sources */,
				56E1AE1C2AB9AEAA008F2522 /* ViewController.swift in Sources */,
				56F352642ABD88A40066AB28 /* BaseImageView.swift in Sources */,
				56E4FA592ABC3B3E00B60225 /* Observation.swift in Sources */,
				568B9F5D2ABCD34E00C743BB /* ImageManager.swift in Sources */,
				56E4FA602ABC424B00B60225 /* CharactersResponse.swift in Sources */,
				56E1AE3C2ABB15A7008F2522 /* Constants+APIEndpoint.swift in Sources */,
				568B9F5B2ABC561100C743BB /* CharactersViewModel.swift in Sources */,
				568B9F5F2ABCD39B00C743BB /* ImageManagerError.swift in Sources */,
				56E1AE182AB9AEAA008F2522 /* AppDelegate.swift in Sources */,
				56E1AE1A2AB9AEAA008F2522 /* SceneDelegate.swift in Sources */,
				56E1AE2D2ABAEBFA008F2522 /* NetworkClient.swift in Sources */,
				56E4FA632ABC430500B60225 /* BaseResponse.swift in Sources */,
				56E1AE362ABB13AA008F2522 /* Data+Ext.swift in Sources */,
				568B9F652ABCD56100C743BB /* NSObject+Ext.swift in Sources */,
			);
			runOnlyForDeploymentPostprocessing = 0;
		};
/* End PBXSourcesBuildPhase section */

/* Begin PBXVariantGroup section */
		56E1AE1D2AB9AEAA008F2522 /* Main.storyboard */ = {
			isa = PBXVariantGroup;
			children = (
				56E1AE1E2AB9AEAA008F2522 /* Base */,
			);
			name = Main.storyboard;
			sourceTree = "<group>";
		};
		56E1AE222AB9AEAC008F2522 /* LaunchScreen.storyboard */ = {
			isa = PBXVariantGroup;
			children = (
				56E1AE232AB9AEAC008F2522 /* Base */,
			);
			name = LaunchScreen.storyboard;
			sourceTree = "<group>";
		};
/* End PBXVariantGroup section */

/* Begin XCBuildConfiguration section */
		56E1AE262AB9AEAC008F2522 /* Debug */ = {
			isa = XCBuildConfiguration;
			buildSettings = {
				ALWAYS_SEARCH_USER_PATHS = NO;
				ASSETCATALOG_COMPILER_GENERATE_SWIFT_ASSET_SYMBOL_EXTENSIONS = YES;
				CLANG_ANALYZER_NONNULL = YES;
				CLANG_ANALYZER_NUMBER_OBJECT_CONVERSION = YES_AGGRESSIVE;
				CLANG_CXX_LANGUAGE_STANDARD = "gnu++20";
				CLANG_ENABLE_MODULES = YES;
				CLANG_ENABLE_OBJC_ARC = YES;
				CLANG_ENABLE_OBJC_WEAK = YES;
				CLANG_WARN_BLOCK_CAPTURE_AUTORELEASING = YES;
				CLANG_WARN_BOOL_CONVERSION = YES;
				CLANG_WARN_COMMA = YES;
				CLANG_WARN_CONSTANT_CONVERSION = YES;
				CLANG_WARN_DEPRECATED_OBJC_IMPLEMENTATIONS = YES;
				CLANG_WARN_DIRECT_OBJC_ISA_USAGE = YES_ERROR;
				CLANG_WARN_DOCUMENTATION_COMMENTS = YES;
				CLANG_WARN_EMPTY_BODY = YES;
				CLANG_WARN_ENUM_CONVERSION = YES;
				CLANG_WARN_INFINITE_RECURSION = YES;
				CLANG_WARN_INT_CONVERSION = YES;
				CLANG_WARN_NON_LITERAL_NULL_CONVERSION = YES;
				CLANG_WARN_OBJC_IMPLICIT_RETAIN_SELF = YES;
				CLANG_WARN_OBJC_LITERAL_CONVERSION = YES;
				CLANG_WARN_OBJC_ROOT_CLASS = YES_ERROR;
				CLANG_WARN_QUOTED_INCLUDE_IN_FRAMEWORK_HEADER = YES;
				CLANG_WARN_RANGE_LOOP_ANALYSIS = YES;
				CLANG_WARN_STRICT_PROTOTYPES = YES;
				CLANG_WARN_SUSPICIOUS_MOVE = YES;
				CLANG_WARN_UNGUARDED_AVAILABILITY = YES_AGGRESSIVE;
				CLANG_WARN_UNREACHABLE_CODE = YES;
				CLANG_WARN__DUPLICATE_METHOD_MATCH = YES;
				COPY_PHASE_STRIP = NO;
				DEBUG_INFORMATION_FORMAT = dwarf;
				ENABLE_STRICT_OBJC_MSGSEND = YES;
				ENABLE_TESTABILITY = YES;
				ENABLE_USER_SCRIPT_SANDBOXING = YES;
				GCC_C_LANGUAGE_STANDARD = gnu17;
				GCC_DYNAMIC_NO_PIC = NO;
				GCC_NO_COMMON_BLOCKS = YES;
				GCC_OPTIMIZATION_LEVEL = 0;
				GCC_PREPROCESSOR_DEFINITIONS = (
					"DEBUG=1",
					"$(inherited)",
				);
				GCC_WARN_64_TO_32_BIT_CONVERSION = YES;
				GCC_WARN_ABOUT_RETURN_TYPE = YES_ERROR;
				GCC_WARN_UNDECLARED_SELECTOR = YES;
				GCC_WARN_UNINITIALIZED_AUTOS = YES_AGGRESSIVE;
				GCC_WARN_UNUSED_FUNCTION = YES;
				GCC_WARN_UNUSED_VARIABLE = YES;
				IPHONEOS_DEPLOYMENT_TARGET = 17.0;
				LOCALIZATION_PREFERS_STRING_CATALOGS = YES;
				MTL_ENABLE_DEBUG_INFO = INCLUDE_SOURCE;
				MTL_FAST_MATH = YES;
				ONLY_ACTIVE_ARCH = YES;
				SDKROOT = iphoneos;
				SWIFT_ACTIVE_COMPILATION_CONDITIONS = "DEBUG $(inherited)";
				SWIFT_OPTIMIZATION_LEVEL = "-Onone";
			};
			name = Debug;
		};
		56E1AE272AB9AEAC008F2522 /* Release */ = {
			isa = XCBuildConfiguration;
			buildSettings = {
				ALWAYS_SEARCH_USER_PATHS = NO;
				ASSETCATALOG_COMPILER_GENERATE_SWIFT_ASSET_SYMBOL_EXTENSIONS = YES;
				CLANG_ANALYZER_NONNULL = YES;
				CLANG_ANALYZER_NUMBER_OBJECT_CONVERSION = YES_AGGRESSIVE;
				CLANG_CXX_LANGUAGE_STANDARD = "gnu++20";
				CLANG_ENABLE_MODULES = YES;
				CLANG_ENABLE_OBJC_ARC = YES;
				CLANG_ENABLE_OBJC_WEAK = YES;
				CLANG_WARN_BLOCK_CAPTURE_AUTORELEASING = YES;
				CLANG_WARN_BOOL_CONVERSION = YES;
				CLANG_WARN_COMMA = YES;
				CLANG_WARN_CONSTANT_CONVERSION = YES;
				CLANG_WARN_DEPRECATED_OBJC_IMPLEMENTATIONS = YES;
				CLANG_WARN_DIRECT_OBJC_ISA_USAGE = YES_ERROR;
				CLANG_WARN_DOCUMENTATION_COMMENTS = YES;
				CLANG_WARN_EMPTY_BODY = YES;
				CLANG_WARN_ENUM_CONVERSION = YES;
				CLANG_WARN_INFINITE_RECURSION = YES;
				CLANG_WARN_INT_CONVERSION = YES;
				CLANG_WARN_NON_LITERAL_NULL_CONVERSION = YES;
				CLANG_WARN_OBJC_IMPLICIT_RETAIN_SELF = YES;
				CLANG_WARN_OBJC_LITERAL_CONVERSION = YES;
				CLANG_WARN_OBJC_ROOT_CLASS = YES_ERROR;
				CLANG_WARN_QUOTED_INCLUDE_IN_FRAMEWORK_HEADER = YES;
				CLANG_WARN_RANGE_LOOP_ANALYSIS = YES;
				CLANG_WARN_STRICT_PROTOTYPES = YES;
				CLANG_WARN_SUSPICIOUS_MOVE = YES;
				CLANG_WARN_UNGUARDED_AVAILABILITY = YES_AGGRESSIVE;
				CLANG_WARN_UNREACHABLE_CODE = YES;
				CLANG_WARN__DUPLICATE_METHOD_MATCH = YES;
				COPY_PHASE_STRIP = NO;
				DEBUG_INFORMATION_FORMAT = "dwarf-with-dsym";
				ENABLE_NS_ASSERTIONS = NO;
				ENABLE_STRICT_OBJC_MSGSEND = YES;
				ENABLE_USER_SCRIPT_SANDBOXING = YES;
				GCC_C_LANGUAGE_STANDARD = gnu17;
				GCC_NO_COMMON_BLOCKS = YES;
				GCC_WARN_64_TO_32_BIT_CONVERSION = YES;
				GCC_WARN_ABOUT_RETURN_TYPE = YES_ERROR;
				GCC_WARN_UNDECLARED_SELECTOR = YES;
				GCC_WARN_UNINITIALIZED_AUTOS = YES_AGGRESSIVE;
				GCC_WARN_UNUSED_FUNCTION = YES;
				GCC_WARN_UNUSED_VARIABLE = YES;
				IPHONEOS_DEPLOYMENT_TARGET = 17.0;
				LOCALIZATION_PREFERS_STRING_CATALOGS = YES;
				MTL_ENABLE_DEBUG_INFO = NO;
				MTL_FAST_MATH = YES;
				SDKROOT = iphoneos;
				SWIFT_COMPILATION_MODE = wholemodule;
				VALIDATE_PRODUCT = YES;
			};
			name = Release;
		};
		56E1AE292AB9AEAC008F2522 /* Debug */ = {
			isa = XCBuildConfiguration;
			buildSettings = {
				ASSETCATALOG_COMPILER_APPICON_NAME = AppIcon;
				ASSETCATALOG_COMPILER_GLOBAL_ACCENT_COLOR_NAME = AccentColor;
				CODE_SIGN_STYLE = Automatic;
				CURRENT_PROJECT_VERSION = 1;
				DEVELOPMENT_TEAM = ZB9T445DD6;
				GENERATE_INFOPLIST_FILE = YES;
				INFOPLIST_FILE = Marvel/Info.plist;
				INFOPLIST_KEY_UIApplicationSupportsIndirectInputEvents = YES;
				INFOPLIST_KEY_UILaunchStoryboardName = LaunchScreen;
				INFOPLIST_KEY_UIMainStoryboardFile = Main;
				INFOPLIST_KEY_UISupportedInterfaceOrientations_iPad = "UIInterfaceOrientationPortrait UIInterfaceOrientationPortraitUpsideDown UIInterfaceOrientationLandscapeLeft UIInterfaceOrientationLandscapeRight";
				INFOPLIST_KEY_UISupportedInterfaceOrientations_iPhone = "UIInterfaceOrientationPortrait UIInterfaceOrientationLandscapeLeft UIInterfaceOrientationLandscapeRight";
				LD_RUNPATH_SEARCH_PATHS = (
					"$(inherited)",
					"@executable_path/Frameworks",
				);
				MARKETING_VERSION = 1.0;
				PRODUCT_BUNDLE_IDENTIFIER = com.jpkayle.MarvelApp;
				PRODUCT_NAME = "$(TARGET_NAME)";
				SWIFT_EMIT_LOC_STRINGS = YES;
				SWIFT_VERSION = 5.0;
				TARGETED_DEVICE_FAMILY = "1,2";
			};
			name = Debug;
		};
		56E1AE2A2AB9AEAC008F2522 /* Release */ = {
			isa = XCBuildConfiguration;
			buildSettings = {
				ASSETCATALOG_COMPILER_APPICON_NAME = AppIcon;
				ASSETCATALOG_COMPILER_GLOBAL_ACCENT_COLOR_NAME = AccentColor;
				CODE_SIGN_STYLE = Automatic;
				CURRENT_PROJECT_VERSION = 1;
				DEVELOPMENT_TEAM = ZB9T445DD6;
				GENERATE_INFOPLIST_FILE = YES;
				INFOPLIST_FILE = Marvel/Info.plist;
				INFOPLIST_KEY_UIApplicationSupportsIndirectInputEvents = YES;
				INFOPLIST_KEY_UILaunchStoryboardName = LaunchScreen;
				INFOPLIST_KEY_UIMainStoryboardFile = Main;
				INFOPLIST_KEY_UISupportedInterfaceOrientations_iPad = "UIInterfaceOrientationPortrait UIInterfaceOrientationPortraitUpsideDown UIInterfaceOrientationLandscapeLeft UIInterfaceOrientationLandscapeRight";
				INFOPLIST_KEY_UISupportedInterfaceOrientations_iPhone = "UIInterfaceOrientationPortrait UIInterfaceOrientationLandscapeLeft UIInterfaceOrientationLandscapeRight";
				LD_RUNPATH_SEARCH_PATHS = (
					"$(inherited)",
					"@executable_path/Frameworks",
				);
				MARKETING_VERSION = 1.0;
				PRODUCT_BUNDLE_IDENTIFIER = com.jpkayle.MarvelApp;
				PRODUCT_NAME = "$(TARGET_NAME)";
				SWIFT_EMIT_LOC_STRINGS = YES;
				SWIFT_VERSION = 5.0;
				TARGETED_DEVICE_FAMILY = "1,2";
			};
			name = Release;
		};
/* End XCBuildConfiguration section */

/* Begin XCConfigurationList section */
		56E1AE0F2AB9AEAA008F2522 /* Build configuration list for PBXProject "Marvel" */ = {
			isa = XCConfigurationList;
			buildConfigurations = (
				56E1AE262AB9AEAC008F2522 /* Debug */,
				56E1AE272AB9AEAC008F2522 /* Release */,
			);
			defaultConfigurationIsVisible = 0;
			defaultConfigurationName = Release;
		};
		56E1AE282AB9AEAC008F2522 /* Build configuration list for PBXNativeTarget "Marvel" */ = {
			isa = XCConfigurationList;
			buildConfigurations = (
				56E1AE292AB9AEAC008F2522 /* Debug */,
				56E1AE2A2AB9AEAC008F2522 /* Release */,
			);
			defaultConfigurationIsVisible = 0;
			defaultConfigurationName = Release;
		};
/* End XCConfigurationList section */
	};
	rootObject = 56E1AE0C2AB9AEAA008F2522 /* Project object */;
}
