// !$*UTF8*$!
{
	archiveVersion = 1;
	classes = {
	};
	objectVersion = 56;
	objects = {

/* Begin PBXBuildFile section */
		568B9F5B2ABC561100C743BB /* CharactersViewModel.swift in Sources */ = {isa = PBXBuildFile; fileRef = 568B9F5A2ABC561100C743BB /* CharactersViewModel.swift */; };
		568B9F5D2ABCD34E00C743BB /* ImageManager.swift in Sources */ = {isa = PBXBuildFile; fileRef = 568B9F5C2ABCD34E00C743BB /* ImageManager.swift */; };
		568B9F5F2ABCD39B00C743BB /* ImageManagerError.swift in Sources */ = {isa = PBXBuildFile; fileRef = 568B9F5E2ABCD39B00C743BB /* ImageManagerError.swift */; };
		568B9F622ABCD49000C743BB /* FileManager.swift in Sources */ = {isa = PBXBuildFile; fileRef = 568B9F612ABCD49000C743BB /* FileManager.swift */; };
		568B9F652ABCD56100C743BB /* NSObject+Ext.swift in Sources */ = {isa = PBXBuildFile; fileRef = 568B9F642ABCD56100C743BB /* NSObject+Ext.swift */; };
		56E1AE182AB9AEAA008F2522 /* AppDelegate.swift in Sources */ = {isa = PBXBuildFile; fileRef = 56E1AE172AB9AEAA008F2522 /* AppDelegate.swift */; };
		56E1AE1A2AB9AEAA008F2522 /* SceneDelegate.swift in Sources */ = {isa = PBXBuildFile; fileRef = 56E1AE192AB9AEAA008F2522 /* SceneDelegate.swift */; };
		56E1AE1C2AB9AEAA008F2522 /* CharactersViewController.swift in Sources */ = {isa = PBXBuildFile; fileRef = 56E1AE1B2AB9AEAA008F2522 /* CharactersViewController.swift */; };
		56E1AE1F2AB9AEAA008F2522 /* Main.storyboard in Resources */ = {isa = PBXBuildFile; fileRef = 56E1AE1D2AB9AEAA008F2522 /* Main.storyboard */; };
		56E1AE212AB9AEAC008F2522 /* Assets.xcassets in Resources */ = {isa = PBXBuildFile; fileRef = 56E1AE202AB9AEAC008F2522 /* Assets.xcassets */; };
		56E1AE242AB9AEAC008F2522 /* LaunchScreen.storyboard in Resources */ = {isa = PBXBuildFile; fileRef = 56E1AE222AB9AEAC008F2522 /* LaunchScreen.storyboard */; };
		56E1AE2D2ABAEBFA008F2522 /* NetworkClient.swift in Sources */ = {isa = PBXBuildFile; fileRef = 56E1AE2C2ABAEBFA008F2522 /* NetworkClient.swift */; };
		56E1AE302ABAEC96008F2522 /* Constants.swift in Sources */ = {isa = PBXBuildFile; fileRef = 56E1AE2F2ABAEC96008F2522 /* Constants.swift */; };
		56E1AE332ABAF019008F2522 /* Crypto.swift in Sources */ = {isa = PBXBuildFile; fileRef = 56E1AE322ABAF019008F2522 /* Crypto.swift */; };
		56E1AE362ABB13AA008F2522 /* Data+Ext.swift in Sources */ = {isa = PBXBuildFile; fileRef = 56E1AE352ABB13A9008F2522 /* Data+Ext.swift */; };
		56E1AE382ABB152A008F2522 /* NetworkError.swift in Sources */ = {isa = PBXBuildFile; fileRef = 56E1AE372ABB152A008F2522 /* NetworkError.swift */; };
		56E1AE3C2ABB15A7008F2522 /* Constants+APIEndpoint.swift in Sources */ = {isa = PBXBuildFile; fileRef = 56E1AE3B2ABB15A7008F2522 /* Constants+APIEndpoint.swift */; };
		56E4FA592ABC3B3E00B60225 /* Observation.swift in Sources */ = {isa = PBXBuildFile; fileRef = 56E4FA582ABC3B3E00B60225 /* Observation.swift */; };
		56E4FA5C2ABC3BE300B60225 /* BaseViewModel.swift in Sources */ = {isa = PBXBuildFile; fileRef = 56E4FA5B2ABC3BE300B60225 /* BaseViewModel.swift */; };
		56E4FA602ABC424B00B60225 /* MarvelCharacter.swift in Sources */ = {isa = PBXBuildFile; fileRef = 56E4FA5F2ABC424B00B60225 /* MarvelCharacter.swift */; };
		56E4FA632ABC430500B60225 /* BaseResponse.swift in Sources */ = {isa = PBXBuildFile; fileRef = 56E4FA622ABC430500B60225 /* BaseResponse.swift */; };
		56F352642ABD88A40066AB28 /* BaseImageView.swift in Sources */ = {isa = PBXBuildFile; fileRef = 56F352632ABD88A40066AB28 /* BaseImageView.swift */; };
		56F352682ABD8B700066AB28 /* Router.swift in Sources */ = {isa = PBXBuildFile; fileRef = 56F352672ABD8B700066AB28 /* Router.swift */; };
		56F3526A2ABD8BA90066AB28 /* UIViewController+Ext.swift in Sources */ = {isa = PBXBuildFile; fileRef = 56F352692ABD8BA90066AB28 /* UIViewController+Ext.swift */; };
		56F3526C2ABD93B70066AB28 /* UITableView+Ext.swift in Sources */ = {isa = PBXBuildFile; fileRef = 56F3526B2ABD93B70066AB28 /* UITableView+Ext.swift */; };
		56F3526F2ABD94580066AB28 /* ListingViewModel.swift in Sources */ = {isa = PBXBuildFile; fileRef = 56F3526E2ABD94570066AB28 /* ListingViewModel.swift */; };
		56F352712ABD949E0066AB28 /* ListingProtocols.swift in Sources */ = {isa = PBXBuildFile; fileRef = 56F352702ABD949E0066AB28 /* ListingProtocols.swift */; };
		56F352732ABD95FD0066AB28 /* SectionListingViewModel.swift in Sources */ = {isa = PBXBuildFile; fileRef = 56F352722ABD95FD0066AB28 /* SectionListingViewModel.swift */; };
		56F352762ABDB3720066AB28 /* SectionsListingViewModel.swift in Sources */ = {isa = PBXBuildFile; fileRef = 56F352752ABDB3720066AB28 /* SectionsListingViewModel.swift */; };
		56F352782ABDB4060066AB28 /* SectionBorder.swift in Sources */ = {isa = PBXBuildFile; fileRef = 56F352772ABDB4060066AB28 /* SectionBorder.swift */; };
		56F3527A2ABDB7DD0066AB28 /* ListingViewModel+TableViewExtension.swift in Sources */ = {isa = PBXBuildFile; fileRef = 56F352792ABDB7DD0066AB28 /* ListingViewModel+TableViewExtension.swift */; };
		56F3527C2ABDB8E30066AB28 /* UIView+Ext.swift in Sources */ = {isa = PBXBuildFile; fileRef = 56F3527B2ABDB8E30066AB28 /* UIView+Ext.swift */; };
		56F3527E2ABDBA220066AB28 /* ImageTableViewCell.swift in Sources */ = {isa = PBXBuildFile; fileRef = 56F3527D2ABDBA220066AB28 /* ImageTableViewCell.swift */; };
		56F352822ABDBAC40066AB28 /* CharactersCell.swift in Sources */ = {isa = PBXBuildFile; fileRef = 56F352802ABDBAC40066AB28 /* CharactersCell.swift */; };
		56F352832ABDBAC40066AB28 /* CharactersCell.xib in Resources */ = {isa = PBXBuildFile; fileRef = 56F352812ABDBAC40066AB28 /* CharactersCell.xib */; };
		56F352852ABDBE350066AB28 /* CharactersListingViewModel.swift in Sources */ = {isa = PBXBuildFile; fileRef = 56F352842ABDBE350066AB28 /* CharactersListingViewModel.swift */; };
		56F352872ABDBE790066AB28 /* BaseViewController.swift in Sources */ = {isa = PBXBuildFile; fileRef = 56F352862ABDBE790066AB28 /* BaseViewController.swift */; };
		56F352892ABDBEFC0066AB28 /* BaseListingViewController.swift in Sources */ = {isa = PBXBuildFile; fileRef = 56F352882ABDBEFC0066AB28 /* BaseListingViewController.swift */; };
		56F3528B2ABDC34D0066AB28 /* CharactersRouter.swift in Sources */ = {isa = PBXBuildFile; fileRef = 56F3528A2ABDC34D0066AB28 /* CharactersRouter.swift */; };
		56F3528D2ABE25B90066AB28 /* LoaderOverlayView.swift in Sources */ = {isa = PBXBuildFile; fileRef = 56F3528C2ABE25B90066AB28 /* LoaderOverlayView.swift */; };
		56F352902ABE2A430066AB28 /* Comic.swift in Sources */ = {isa = PBXBuildFile; fileRef = 56F3528F2ABE2A430066AB28 /* Comic.swift */; };
		56F352942ABE2B920066AB28 /* Event.swift in Sources */ = {isa = PBXBuildFile; fileRef = 56F352932ABE2B920066AB28 /* Event.swift */; };
		56F352972ABE2D940066AB28 /* Serie.swift in Sources */ = {isa = PBXBuildFile; fileRef = 56F352962ABE2D940066AB28 /* Serie.swift */; };
		56F3529A2ABE2E630066AB28 /* Story.swift in Sources */ = {isa = PBXBuildFile; fileRef = 56F352992ABE2E630066AB28 /* Story.swift */; };
		56F3529C2ABE2F460066AB28 /* ComicsViewModel.swift in Sources */ = {isa = PBXBuildFile; fileRef = 56F3529B2ABE2F460066AB28 /* ComicsViewModel.swift */; };
		56F3529E2ABE2FD10066AB28 /* EventsViewModel.swift in Sources */ = {isa = PBXBuildFile; fileRef = 56F3529D2ABE2FD10066AB28 /* EventsViewModel.swift */; };
		56F352A02ABE30000066AB28 /* SeriesViewModel.swift in Sources */ = {isa = PBXBuildFile; fileRef = 56F3529F2ABE30000066AB28 /* SeriesViewModel.swift */; };
		56F352A22ABE30390066AB28 /* StoriesViewModel.swift in Sources */ = {isa = PBXBuildFile; fileRef = 56F352A12ABE30390066AB28 /* StoriesViewModel.swift */; };
		56F352A42ABE30A90066AB28 /* CharacterDetailsRouter.swift in Sources */ = {isa = PBXBuildFile; fileRef = 56F352A32ABE30A90066AB28 /* CharacterDetailsRouter.swift */; };
		56F352A82ABE313A0066AB28 /* CharacterDetailsViewController.swift in Sources */ = {isa = PBXBuildFile; fileRef = 56F352A72ABE313A0066AB28 /* CharacterDetailsViewController.swift */; };
		56F352AA2ABE317C0066AB28 /* CharacterDetailsListingViewModel.swift in Sources */ = {isa = PBXBuildFile; fileRef = 56F352A92ABE317C0066AB28 /* CharacterDetailsListingViewModel.swift */; };
/* End PBXBuildFile section */

/* Begin PBXFileReference section */
		568B9F5A2ABC561100C743BB /* CharactersViewModel.swift */ = {isa = PBXFileReference; lastKnownFileType = sourcecode.swift; path = CharactersViewModel.swift; sourceTree = "<group>"; };
		568B9F5C2ABCD34E00C743BB /* ImageManager.swift */ = {isa = PBXFileReference; lastKnownFileType = sourcecode.swift; path = ImageManager.swift; sourceTree = "<group>"; };
		568B9F5E2ABCD39B00C743BB /* ImageManagerError.swift */ = {isa = PBXFileReference; lastKnownFileType = sourcecode.swift; path = ImageManagerError.swift; sourceTree = "<group>"; };
		568B9F612ABCD49000C743BB /* FileManager.swift */ = {isa = PBXFileReference; lastKnownFileType = sourcecode.swift; path = FileManager.swift; sourceTree = "<group>"; };
		568B9F642ABCD56100C743BB /* NSObject+Ext.swift */ = {isa = PBXFileReference; lastKnownFileType = sourcecode.swift; path = "NSObject+Ext.swift"; sourceTree = "<group>"; };
		56E1AE142AB9AEAA008F2522 /* Marvel.app */ = {isa = PBXFileReference; explicitFileType = wrapper.application; includeInIndex = 0; path = Marvel.app; sourceTree = BUILT_PRODUCTS_DIR; };
		56E1AE172AB9AEAA008F2522 /* AppDelegate.swift */ = {isa = PBXFileReference; lastKnownFileType = sourcecode.swift; path = AppDelegate.swift; sourceTree = "<group>"; };
		56E1AE192AB9AEAA008F2522 /* SceneDelegate.swift */ = {isa = PBXFileReference; lastKnownFileType = sourcecode.swift; path = SceneDelegate.swift; sourceTree = "<group>"; };
		56E1AE1B2AB9AEAA008F2522 /* CharactersViewController.swift */ = {isa = PBXFileReference; lastKnownFileType = sourcecode.swift; path = CharactersViewController.swift; sourceTree = "<group>"; };
		56E1AE1E2AB9AEAA008F2522 /* Base */ = {isa = PBXFileReference; lastKnownFileType = file.storyboard; name = Base; path = Base.lproj/Main.storyboard; sourceTree = "<group>"; };
		56E1AE202AB9AEAC008F2522 /* Assets.xcassets */ = {isa = PBXFileReference; lastKnownFileType = folder.assetcatalog; path = Assets.xcassets; sourceTree = "<group>"; };
		56E1AE232AB9AEAC008F2522 /* Base */ = {isa = PBXFileReference; lastKnownFileType = file.storyboard; name = Base; path = Base.lproj/LaunchScreen.storyboard; sourceTree = "<group>"; };
		56E1AE252AB9AEAC008F2522 /* Info.plist */ = {isa = PBXFileReference; lastKnownFileType = text.plist.xml; path = Info.plist; sourceTree = "<group>"; };
		56E1AE2C2ABAEBFA008F2522 /* NetworkClient.swift */ = {isa = PBXFileReference; lastKnownFileType = sourcecode.swift; path = NetworkClient.swift; sourceTree = "<group>"; };
		56E1AE2F2ABAEC96008F2522 /* Constants.swift */ = {isa = PBXFileReference; lastKnownFileType = sourcecode.swift; path = Constants.swift; sourceTree = "<group>"; };
		56E1AE322ABAF019008F2522 /* Crypto.swift */ = {isa = PBXFileReference; lastKnownFileType = sourcecode.swift; path = Crypto.swift; sourceTree = "<group>"; };
		56E1AE352ABB13A9008F2522 /* Data+Ext.swift */ = {isa = PBXFileReference; lastKnownFileType = sourcecode.swift; path = "Data+Ext.swift"; sourceTree = "<group>"; };
		56E1AE372ABB152A008F2522 /* NetworkError.swift */ = {isa = PBXFileReference; lastKnownFileType = sourcecode.swift; path = NetworkError.swift; sourceTree = "<group>"; };
		56E1AE3B2ABB15A7008F2522 /* Constants+APIEndpoint.swift */ = {isa = PBXFileReference; lastKnownFileType = sourcecode.swift; path = "Constants+APIEndpoint.swift"; sourceTree = "<group>"; };
		56E4FA582ABC3B3E00B60225 /* Observation.swift */ = {isa = PBXFileReference; lastKnownFileType = sourcecode.swift; path = Observation.swift; sourceTree = "<group>"; };
		56E4FA5B2ABC3BE300B60225 /* BaseViewModel.swift */ = {isa = PBXFileReference; lastKnownFileType = sourcecode.swift; path = BaseViewModel.swift; sourceTree = "<group>"; };
		56E4FA5F2ABC424B00B60225 /* MarvelCharacter.swift */ = {isa = PBXFileReference; lastKnownFileType = sourcecode.swift; path = MarvelCharacter.swift; sourceTree = "<group>"; };
		56E4FA622ABC430500B60225 /* BaseResponse.swift */ = {isa = PBXFileReference; lastKnownFileType = sourcecode.swift; path = BaseResponse.swift; sourceTree = "<group>"; };
		56F352632ABD88A40066AB28 /* BaseImageView.swift */ = {isa = PBXFileReference; lastKnownFileType = sourcecode.swift; path = BaseImageView.swift; sourceTree = "<group>"; };
		56F352672ABD8B700066AB28 /* Router.swift */ = {isa = PBXFileReference; lastKnownFileType = sourcecode.swift; path = Router.swift; sourceTree = "<group>"; };
		56F352692ABD8BA90066AB28 /* UIViewController+Ext.swift */ = {isa = PBXFileReference; lastKnownFileType = sourcecode.swift; path = "UIViewController+Ext.swift"; sourceTree = "<group>"; };
		56F3526B2ABD93B70066AB28 /* UITableView+Ext.swift */ = {isa = PBXFileReference; lastKnownFileType = sourcecode.swift; path = "UITableView+Ext.swift"; sourceTree = "<group>"; };
		56F3526E2ABD94570066AB28 /* ListingViewModel.swift */ = {isa = PBXFileReference; lastKnownFileType = sourcecode.swift; path = ListingViewModel.swift; sourceTree = "<group>"; };
		56F352702ABD949E0066AB28 /* ListingProtocols.swift */ = {isa = PBXFileReference; lastKnownFileType = sourcecode.swift; path = ListingProtocols.swift; sourceTree = "<group>"; };
		56F352722ABD95FD0066AB28 /* SectionListingViewModel.swift */ = {isa = PBXFileReference; lastKnownFileType = sourcecode.swift; path = SectionListingViewModel.swift; sourceTree = "<group>"; };
		56F352752ABDB3720066AB28 /* SectionsListingViewModel.swift */ = {isa = PBXFileReference; lastKnownFileType = sourcecode.swift; path = SectionsListingViewModel.swift; sourceTree = "<group>"; };
		56F352772ABDB4060066AB28 /* SectionBorder.swift */ = {isa = PBXFileReference; lastKnownFileType = sourcecode.swift; path = SectionBorder.swift; sourceTree = "<group>"; };
		56F352792ABDB7DD0066AB28 /* ListingViewModel+TableViewExtension.swift */ = {isa = PBXFileReference; lastKnownFileType = sourcecode.swift; path = "ListingViewModel+TableViewExtension.swift"; sourceTree = "<group>"; };
		56F3527B2ABDB8E30066AB28 /* UIView+Ext.swift */ = {isa = PBXFileReference; lastKnownFileType = sourcecode.swift; path = "UIView+Ext.swift"; sourceTree = "<group>"; };
		56F3527D2ABDBA220066AB28 /* ImageTableViewCell.swift */ = {isa = PBXFileReference; lastKnownFileType = sourcecode.swift; path = ImageTableViewCell.swift; sourceTree = "<group>"; };
		56F352802ABDBAC40066AB28 /* CharactersCell.swift */ = {isa = PBXFileReference; lastKnownFileType = sourcecode.swift; path = CharactersCell.swift; sourceTree = "<group>"; };
		56F352812ABDBAC40066AB28 /* CharactersCell.xib */ = {isa = PBXFileReference; lastKnownFileType = file.xib; path = CharactersCell.xib; sourceTree = "<group>"; };
		56F352842ABDBE350066AB28 /* CharactersListingViewModel.swift */ = {isa = PBXFileReference; lastKnownFileType = sourcecode.swift; path = CharactersListingViewModel.swift; sourceTree = "<group>"; };
		56F352862ABDBE790066AB28 /* BaseViewController.swift */ = {isa = PBXFileReference; lastKnownFileType = sourcecode.swift; path = BaseViewController.swift; sourceTree = "<group>"; };
		56F352882ABDBEFC0066AB28 /* BaseListingViewController.swift */ = {isa = PBXFileReference; lastKnownFileType = sourcecode.swift; path = BaseListingViewController.swift; sourceTree = "<group>"; };
		56F3528A2ABDC34D0066AB28 /* CharactersRouter.swift */ = {isa = PBXFileReference; lastKnownFileType = sourcecode.swift; path = CharactersRouter.swift; sourceTree = "<group>"; };
		56F3528C2ABE25B90066AB28 /* LoaderOverlayView.swift */ = {isa = PBXFileReference; lastKnownFileType = sourcecode.swift; path = LoaderOverlayView.swift; sourceTree = "<group>"; };
		56F3528F2ABE2A430066AB28 /* Comic.swift */ = {isa = PBXFileReference; lastKnownFileType = sourcecode.swift; path = Comic.swift; sourceTree = "<group>"; };
		56F352932ABE2B920066AB28 /* Event.swift */ = {isa = PBXFileReference; lastKnownFileType = sourcecode.swift; path = Event.swift; sourceTree = "<group>"; };
		56F352962ABE2D940066AB28 /* Serie.swift */ = {isa = PBXFileReference; lastKnownFileType = sourcecode.swift; path = Serie.swift; sourceTree = "<group>"; };
		56F352992ABE2E630066AB28 /* Story.swift */ = {isa = PBXFileReference; lastKnownFileType = sourcecode.swift; path = Story.swift; sourceTree = "<group>"; };
		56F3529B2ABE2F460066AB28 /* ComicsViewModel.swift */ = {isa = PBXFileReference; lastKnownFileType = sourcecode.swift; path = ComicsViewModel.swift; sourceTree = "<group>"; };
		56F3529D2ABE2FD10066AB28 /* EventsViewModel.swift */ = {isa = PBXFileReference; lastKnownFileType = sourcecode.swift; path = EventsViewModel.swift; sourceTree = "<group>"; };
		56F3529F2ABE30000066AB28 /* SeriesViewModel.swift */ = {isa = PBXFileReference; lastKnownFileType = sourcecode.swift; path = SeriesViewModel.swift; sourceTree = "<group>"; };
		56F352A12ABE30390066AB28 /* StoriesViewModel.swift */ = {isa = PBXFileReference; lastKnownFileType = sourcecode.swift; path = StoriesViewModel.swift; sourceTree = "<group>"; };
		56F352A32ABE30A90066AB28 /* CharacterDetailsRouter.swift */ = {isa = PBXFileReference; lastKnownFileType = sourcecode.swift; path = CharacterDetailsRouter.swift; sourceTree = "<group>"; };
		56F352A72ABE313A0066AB28 /* CharacterDetailsViewController.swift */ = {isa = PBXFileReference; lastKnownFileType = sourcecode.swift; path = CharacterDetailsViewController.swift; sourceTree = "<group>"; };
		56F352A92ABE317C0066AB28 /* CharacterDetailsListingViewModel.swift */ = {isa = PBXFileReference; lastKnownFileType = sourcecode.swift; path = CharacterDetailsListingViewModel.swift; sourceTree = "<group>"; };
/* End PBXFileReference section */

/* Begin PBXFrameworksBuildPhase section */
		56E1AE112AB9AEAA008F2522 /* Frameworks */ = {
			isa = PBXFrameworksBuildPhase;
			buildActionMask = 2147483647;
			files = (
			);
			runOnlyForDeploymentPostprocessing = 0;
		};
/* End PBXFrameworksBuildPhase section */

/* Begin PBXGroup section */
		568B9F602ABCD48100C743BB /* FileManager */ = {
			isa = PBXGroup;
			children = (
				568B9F612ABCD49000C743BB /* FileManager.swift */,
			);
			path = FileManager;
			sourceTree = "<group>";
		};
		56E1AE0B2AB9AEAA008F2522 = {
			isa = PBXGroup;
			children = (
				56E1AE162AB9AEAA008F2522 /* Marvel */,
				56E1AE152AB9AEAA008F2522 /* Products */,
			);
			sourceTree = "<group>";
		};
		56E1AE152AB9AEAA008F2522 /* Products */ = {
			isa = PBXGroup;
			children = (
				56E1AE142AB9AEAA008F2522 /* Marvel.app */,
			);
			name = Products;
			sourceTree = "<group>";
		};
		56E1AE162AB9AEAA008F2522 /* Marvel */ = {
			isa = PBXGroup;
			children = (
				56E1AE312ABAEFFC008F2522 /* Base */,
				56E1AE2E2ABAEC8A008F2522 /* Constants */,
				56E4FA5E2ABC423C00B60225 /* Features */,
				56E1AE172AB9AEAA008F2522 /* AppDelegate.swift */,
				56E1AE192AB9AEAA008F2522 /* SceneDelegate.swift */,
				56E1AE1D2AB9AEAA008F2522 /* Main.storyboard */,
				56E1AE202AB9AEAC008F2522 /* Assets.xcassets */,
				56E1AE222AB9AEAC008F2522 /* LaunchScreen.storyboard */,
				56E1AE252AB9AEAC008F2522 /* Info.plist */,
				56E1AE342ABB139A008F2522 /* Extensions */,
			);
			path = Marvel;
			sourceTree = "<group>";
		};
		56E1AE2B2ABAEB87008F2522 /* Network Layer */ = {
			isa = PBXGroup;
			children = (
				56E1AE2C2ABAEBFA008F2522 /* NetworkClient.swift */,
				56E1AE372ABB152A008F2522 /* NetworkError.swift */,
				568B9F5C2ABCD34E00C743BB /* ImageManager.swift */,
				568B9F5E2ABCD39B00C743BB /* ImageManagerError.swift */,
			);
			path = "Network Layer";
			sourceTree = "<group>";
		};
		56E1AE2E2ABAEC8A008F2522 /* Constants */ = {
			isa = PBXGroup;
			children = (
				56E1AE2F2ABAEC96008F2522 /* Constants.swift */,
				56E1AE3B2ABB15A7008F2522 /* Constants+APIEndpoint.swift */,
			);
			path = Constants;
			sourceTree = "<group>";
		};
		56E1AE312ABAEFFC008F2522 /* Base */ = {
			isa = PBXGroup;
			children = (
				56F352672ABD8B700066AB28 /* Router.swift */,
				56F352622ABD88950066AB28 /* UIKit */,
				56F3526D2ABD943C0066AB28 /* Listing ViewModel */,
				56E4FA582ABC3B3E00B60225 /* Observation.swift */,
				56E1AE392ABB1567008F2522 /* Cryto */,
				568B9F602ABCD48100C743BB /* FileManager */,
				56E1AE2B2ABAEB87008F2522 /* Network Layer */,
				56E4FA5A2ABC3BD100B60225 /* BaseViewModel */,
				56E4FA612ABC42E800B60225 /* Base Response */,
			);
			path = Base;
			sourceTree = "<group>";
		};
		56E1AE342ABB139A008F2522 /* Extensions */ = {
			isa = PBXGroup;
			children = (
				56E1AE3A2ABB157F008F2522 /* Foundation Extensions */,
				56F352612ABD87970066AB28 /* UIKit Extensions */,
			);
			path = Extensions;
			sourceTree = "<group>";
		};
		56E1AE392ABB1567008F2522 /* Cryto */ = {
			isa = PBXGroup;
			children = (
				56E1AE322ABAF019008F2522 /* Crypto.swift */,
			);
			path = Cryto;
			sourceTree = "<group>";
		};
		56E1AE3A2ABB157F008F2522 /* Foundation Extensions */ = {
			isa = PBXGroup;
			children = (
				56E1AE352ABB13A9008F2522 /* Data+Ext.swift */,
				568B9F642ABCD56100C743BB /* NSObject+Ext.swift */,
			);
			path = "Foundation Extensions";
			sourceTree = "<group>";
		};
		56E4FA5A2ABC3BD100B60225 /* BaseViewModel */ = {
			isa = PBXGroup;
			children = (
				56E4FA5B2ABC3BE300B60225 /* BaseViewModel.swift */,
			);
			path = BaseViewModel;
			sourceTree = "<group>";
		};
		56E4FA5D2ABC422C00B60225 /* Characters */ = {
			isa = PBXGroup;
			children = (
				56F3528A2ABDC34D0066AB28 /* CharactersRouter.swift */,
				56F3527F2ABDBAA50066AB28 /* Views */,
				56E1AE1B2AB9AEAA008F2522 /* CharactersViewController.swift */,
				56E4FA5F2ABC424B00B60225 /* MarvelCharacter.swift */,
				568B9F5A2ABC561100C743BB /* CharactersViewModel.swift */,
				56F352842ABDBE350066AB28 /* CharactersListingViewModel.swift */,
			);
			path = Characters;
			sourceTree = "<group>";
		};
		56E4FA5E2ABC423C00B60225 /* Features */ = {
			isa = PBXGroup;
			children = (
				56E4FA5D2ABC422C00B60225 /* Characters */,
				56F3528E2ABE298F0066AB28 /* CharacterDetails */,
			);
			path = Features;
			sourceTree = "<group>";
		};
		56E4FA612ABC42E800B60225 /* Base Response */ = {
			isa = PBXGroup;
			children = (
				56E4FA622ABC430500B60225 /* BaseResponse.swift */,
			);
			path = "Base Response";
			sourceTree = "<group>";
		};
		56F352612ABD87970066AB28 /* UIKit Extensions */ = {
			isa = PBXGroup;
			children = (
				56F3526B2ABD93B70066AB28 /* UITableView+Ext.swift */,
				56F352692ABD8BA90066AB28 /* UIViewController+Ext.swift */,
				56F3527B2ABDB8E30066AB28 /* UIView+Ext.swift */,
			);
			path = "UIKit Extensions";
			sourceTree = "<group>";
		};
		56F352622ABD88950066AB28 /* UIKit */ = {
			isa = PBXGroup;
			children = (
				56F352632ABD88A40066AB28 /* BaseImageView.swift */,
				56F3527D2ABDBA220066AB28 /* ImageTableViewCell.swift */,
				56F352862ABDBE790066AB28 /* BaseViewController.swift */,
				56F352882ABDBEFC0066AB28 /* BaseListingViewController.swift */,
				56F3528C2ABE25B90066AB28 /* LoaderOverlayView.swift */,
			);
			path = UIKit;
			sourceTree = "<group>";
		};
		56F3526D2ABD943C0066AB28 /* Listing ViewModel */ = {
			isa = PBXGroup;
			children = (
				56F352702ABD949E0066AB28 /* ListingProtocols.swift */,
				56F3526E2ABD94570066AB28 /* ListingViewModel.swift */,
				56F352792ABDB7DD0066AB28 /* ListingViewModel+TableViewExtension.swift */,
				56F352722ABD95FD0066AB28 /* SectionListingViewModel.swift */,
				56F352752ABDB3720066AB28 /* SectionsListingViewModel.swift */,
				56F352772ABDB4060066AB28 /* SectionBorder.swift */,
			);
			path = "Listing ViewModel";
			sourceTree = "<group>";
		};
		56F3527F2ABDBAA50066AB28 /* Views */ = {
			isa = PBXGroup;
			children = (
				56F352802ABDBAC40066AB28 /* CharactersCell.swift */,
				56F352812ABDBAC40066AB28 /* CharactersCell.xib */,
			);
			path = Views;
			sourceTree = "<group>";
		};
		56F3528E2ABE298F0066AB28 /* CharacterDetails */ = {
			isa = PBXGroup;
			children = (
				56F352A32ABE30A90066AB28 /* CharacterDetailsRouter.swift */,
				56F352A72ABE313A0066AB28 /* CharacterDetailsViewController.swift */,
				56F352A92ABE317C0066AB28 /* CharacterDetailsListingViewModel.swift */,
				56F352A62ABE30F90066AB28 /* ViewModels */,
				56F352A52ABE30D90066AB28 /* Models */,
			);
			path = CharacterDetails;
			sourceTree = "<group>";
		};
		56F352A52ABE30D90066AB28 /* Models */ = {
			isa = PBXGroup;
			children = (
				56F3528F2ABE2A430066AB28 /* Comic.swift */,
				56F352932ABE2B920066AB28 /* Event.swift */,
				56F352962ABE2D940066AB28 /* Serie.swift */,
				56F352992ABE2E630066AB28 /* Story.swift */,
			);
			path = Models;
			sourceTree = "<group>";
		};
		56F352A62ABE30F90066AB28 /* ViewModels */ = {
			isa = PBXGroup;
			children = (
				56F3529B2ABE2F460066AB28 /* ComicsViewModel.swift */,
				56F3529D2ABE2FD10066AB28 /* EventsViewModel.swift */,
				56F3529F2ABE30000066AB28 /* SeriesViewModel.swift */,
				56F352A12ABE30390066AB28 /* StoriesViewModel.swift */,
			);
			path = ViewModels;
			sourceTree = "<group>";
		};
/* End PBXGroup section */

/* Begin PBXNativeTarget section */
		56E1AE132AB9AEAA008F2522 /* Marvel */ = {
			isa = PBXNativeTarget;
			buildConfigurationList = 56E1AE282AB9AEAC008F2522 /* Build configuration list for PBXNativeTarget "Marvel" */;
			buildPhases = (
				56E1AE102AB9AEAA008F2522 /* Sources */,
				56E1AE112AB9AEAA008F2522 /* Frameworks */,
				56E1AE122AB9AEAA008F2522 /* Resources */,
			);
			buildRules = (
			);
			dependencies = (
			);
			name = Marvel;
			productName = Marvel;
			productReference = 56E1AE142AB9AEAA008F2522 /* Marvel.app */;
			productType = "com.apple.product-type.application";
		};
/* End PBXNativeTarget section */

/* Begin PBXProject section */
		56E1AE0C2AB9AEAA008F2522 /* Project object */ = {
			isa = PBXProject;
			attributes = {
				BuildIndependentTargetsInParallel = 1;
				LastSwiftUpdateCheck = 1500;
				LastUpgradeCheck = 1500;
				TargetAttributes = {
					56E1AE132AB9AEAA008F2522 = {
						CreatedOnToolsVersion = 15.0;
					};
				};
			};
			buildConfigurationList = 56E1AE0F2AB9AEAA008F2522 /* Build configuration list for PBXProject "Marvel" */;
			compatibilityVersion = "Xcode 14.0";
			developmentRegion = en;
			hasScannedForEncodings = 0;
			knownRegions = (
				en,
				Base,
			);
			mainGroup = 56E1AE0B2AB9AEAA008F2522;
			productRefGroup = 56E1AE152AB9AEAA008F2522 /* Products */;
			projectDirPath = "";
			projectRoot = "";
			targets = (
				56E1AE132AB9AEAA008F2522 /* Marvel */,
			);
		};
/* End PBXProject section */

/* Begin PBXResourcesBuildPhase section */
		56E1AE122AB9AEAA008F2522 /* Resources */ = {
			isa = PBXResourcesBuildPhase;
			buildActionMask = 2147483647;
			files = (
				56E1AE242AB9AEAC008F2522 /* LaunchScreen.storyboard in Resources */,
				56E1AE212AB9AEAC008F2522 /* Assets.xcassets in Resources */,
				56E1AE1F2AB9AEAA008F2522 /* Main.storyboard in Resources */,
				56F352832ABDBAC40066AB28 /* CharactersCell.xib in Resources */,
			);
			runOnlyForDeploymentPostprocessing = 0;
		};
/* End PBXResourcesBuildPhase section */

/* Begin PBXSourcesBuildPhase section */
		56E1AE102AB9AEAA008F2522 /* Sources */ = {
			isa = PBXSourcesBuildPhase;
			buildActionMask = 2147483647;
			files = (
				56F352942ABE2B920066AB28 /* Event.swift in Sources */,
				56F352732ABD95FD0066AB28 /* SectionListingViewModel.swift in Sources */,
				56F352A22ABE30390066AB28 /* StoriesViewModel.swift in Sources */,
				56F352822ABDBAC40066AB28 /* CharactersCell.swift in Sources */,
				56F3529C2ABE2F460066AB28 /* ComicsViewModel.swift in Sources */,
				56F352872ABDBE790066AB28 /* BaseViewController.swift in Sources */,
				56F352852ABDBE350066AB28 /* CharactersListingViewModel.swift in Sources */,
				56F352712ABD949E0066AB28 /* ListingProtocols.swift in Sources */,
				56F352A02ABE30000066AB28 /* SeriesViewModel.swift in Sources */,
				568B9F622ABCD49000C743BB /* FileManager.swift in Sources */,
				56F3526F2ABD94580066AB28 /* ListingViewModel.swift in Sources */,
				56E1AE332ABAF019008F2522 /* Crypto.swift in Sources */,
				56F352782ABDB4060066AB28 /* SectionBorder.swift in Sources */,
				56F3526A2ABD8BA90066AB28 /* UIViewController+Ext.swift in Sources */,
				56E4FA5C2ABC3BE300B60225 /* BaseViewModel.swift in Sources */,
				56E1AE382ABB152A008F2522 /* NetworkError.swift in Sources */,
				56E1AE302ABAEC96008F2522 /* Constants.swift in Sources */,
				56E1AE1C2AB9AEAA008F2522 /* CharactersViewController.swift in Sources */,
				56F3528D2ABE25B90066AB28 /* LoaderOverlayView.swift in Sources */,
				56F352642ABD88A40066AB28 /* BaseImageView.swift in Sources */,
				56F352972ABE2D940066AB28 /* Serie.swift in Sources */,
				56E4FA592ABC3B3E00B60225 /* Observation.swift in Sources */,
				56F3527A2ABDB7DD0066AB28 /* ListingViewModel+TableViewExtension.swift in Sources */,
				568B9F5D2ABCD34E00C743BB /* ImageManager.swift in Sources */,
				56F3527C2ABDB8E30066AB28 /* UIView+Ext.swift in Sources */,
				56E4FA602ABC424B00B60225 /* MarvelCharacter.swift in Sources */,
				56F352A42ABE30A90066AB28 /* CharacterDetailsRouter.swift in Sources */,
				56F352902ABE2A430066AB28 /* Comic.swift in Sources */,
				56F3526C2ABD93B70066AB28 /* UITableView+Ext.swift in Sources */,
				56E1AE3C2ABB15A7008F2522 /* Constants+APIEndpoint.swift in Sources */,
				568B9F5B2ABC561100C743BB /* CharactersViewModel.swift in Sources */,
				56F352682ABD8B700066AB28 /* Router.swift in Sources */,
				568B9F5F2ABCD39B00C743BB /* ImageManagerError.swift in Sources */,
				56E1AE182AB9AEAA008F2522 /* AppDelegate.swift in Sources */,
				56F3528B2ABDC34D0066AB28 /* CharactersRouter.swift in Sources */,
				56F352892ABDBEFC0066AB28 /* BaseListingViewController.swift in Sources */,
				56E1AE1A2AB9AEAA008F2522 /* SceneDelegate.swift in Sources */,
				56E1AE2D2ABAEBFA008F2522 /* NetworkClient.swift in Sources */,
				56E4FA632ABC430500B60225 /* BaseResponse.swift in Sources */,
				56E1AE362ABB13AA008F2522 /* Data+Ext.swift in Sources */,
				56F3527E2ABDBA220066AB28 /* ImageTableViewCell.swift in Sources */,
				568B9F652ABCD56100C743BB /* NSObject+Ext.swift in Sources */,
				56F352AA2ABE317C0066AB28 /* CharacterDetailsListingViewModel.swift in Sources */,
				56F3529E2ABE2FD10066AB28 /* EventsViewModel.swift in Sources */,
				56F352A82ABE313A0066AB28 /* CharacterDetailsViewController.swift in Sources */,
				56F352762ABDB3720066AB28 /* SectionsListingViewModel.swift in Sources */,
				56F3529A2ABE2E630066AB28 /* Story.swift in Sources */,
			);
			runOnlyForDeploymentPostprocessing = 0;
		};
/* End PBXSourcesBuildPhase section */

/* Begin PBXVariantGroup section */
		56E1AE1D2AB9AEAA008F2522 /* Main.storyboard */ = {
			isa = PBXVariantGroup;
			children = (
				56E1AE1E2AB9AEAA008F2522 /* Base */,
			);
			name = Main.storyboard;
			sourceTree = "<group>";
		};
		56E1AE222AB9AEAC008F2522 /* LaunchScreen.storyboard */ = {
			isa = PBXVariantGroup;
			children = (
				56E1AE232AB9AEAC008F2522 /* Base */,
			);
			name = LaunchScreen.storyboard;
			sourceTree = "<group>";
		};
/* End PBXVariantGroup section */

/* Begin XCBuildConfiguration section */
		56E1AE262AB9AEAC008F2522 /* Debug */ = {
			isa = XCBuildConfiguration;
			buildSettings = {
				ALWAYS_SEARCH_USER_PATHS = NO;
				ASSETCATALOG_COMPILER_GENERATE_SWIFT_ASSET_SYMBOL_EXTENSIONS = YES;
				CLANG_ANALYZER_NONNULL = YES;
				CLANG_ANALYZER_NUMBER_OBJECT_CONVERSION = YES_AGGRESSIVE;
				CLANG_CXX_LANGUAGE_STANDARD = "gnu++20";
				CLANG_ENABLE_MODULES = YES;
				CLANG_ENABLE_OBJC_ARC = YES;
				CLANG_ENABLE_OBJC_WEAK = YES;
				CLANG_WARN_BLOCK_CAPTURE_AUTORELEASING = YES;
				CLANG_WARN_BOOL_CONVERSION = YES;
				CLANG_WARN_COMMA = YES;
				CLANG_WARN_CONSTANT_CONVERSION = YES;
				CLANG_WARN_DEPRECATED_OBJC_IMPLEMENTATIONS = YES;
				CLANG_WARN_DIRECT_OBJC_ISA_USAGE = YES_ERROR;
				CLANG_WARN_DOCUMENTATION_COMMENTS = YES;
				CLANG_WARN_EMPTY_BODY = YES;
				CLANG_WARN_ENUM_CONVERSION = YES;
				CLANG_WARN_INFINITE_RECURSION = YES;
				CLANG_WARN_INT_CONVERSION = YES;
				CLANG_WARN_NON_LITERAL_NULL_CONVERSION = YES;
				CLANG_WARN_OBJC_IMPLICIT_RETAIN_SELF = YES;
				CLANG_WARN_OBJC_LITERAL_CONVERSION = YES;
				CLANG_WARN_OBJC_ROOT_CLASS = YES_ERROR;
				CLANG_WARN_QUOTED_INCLUDE_IN_FRAMEWORK_HEADER = YES;
				CLANG_WARN_RANGE_LOOP_ANALYSIS = YES;
				CLANG_WARN_STRICT_PROTOTYPES = YES;
				CLANG_WARN_SUSPICIOUS_MOVE = YES;
				CLANG_WARN_UNGUARDED_AVAILABILITY = YES_AGGRESSIVE;
				CLANG_WARN_UNREACHABLE_CODE = YES;
				CLANG_WARN__DUPLICATE_METHOD_MATCH = YES;
				COPY_PHASE_STRIP = NO;
				DEBUG_INFORMATION_FORMAT = dwarf;
				ENABLE_STRICT_OBJC_MSGSEND = YES;
				ENABLE_TESTABILITY = YES;
				ENABLE_USER_SCRIPT_SANDBOXING = YES;
				GCC_C_LANGUAGE_STANDARD = gnu17;
				GCC_DYNAMIC_NO_PIC = NO;
				GCC_NO_COMMON_BLOCKS = YES;
				GCC_OPTIMIZATION_LEVEL = 0;
				GCC_PREPROCESSOR_DEFINITIONS = (
					"DEBUG=1",
					"$(inherited)",
				);
				GCC_WARN_64_TO_32_BIT_CONVERSION = YES;
				GCC_WARN_ABOUT_RETURN_TYPE = YES_ERROR;
				GCC_WARN_UNDECLARED_SELECTOR = YES;
				GCC_WARN_UNINITIALIZED_AUTOS = YES_AGGRESSIVE;
				GCC_WARN_UNUSED_FUNCTION = YES;
				GCC_WARN_UNUSED_VARIABLE = YES;
				IPHONEOS_DEPLOYMENT_TARGET = 17.0;
				LOCALIZATION_PREFERS_STRING_CATALOGS = YES;
				MTL_ENABLE_DEBUG_INFO = INCLUDE_SOURCE;
				MTL_FAST_MATH = YES;
				ONLY_ACTIVE_ARCH = YES;
				SDKROOT = iphoneos;
				SWIFT_ACTIVE_COMPILATION_CONDITIONS = "DEBUG $(inherited)";
				SWIFT_OPTIMIZATION_LEVEL = "-Onone";
			};
			name = Debug;
		};
		56E1AE272AB9AEAC008F2522 /* Release */ = {
			isa = XCBuildConfiguration;
			buildSettings = {
				ALWAYS_SEARCH_USER_PATHS = NO;
				ASSETCATALOG_COMPILER_GENERATE_SWIFT_ASSET_SYMBOL_EXTENSIONS = YES;
				CLANG_ANALYZER_NONNULL = YES;
				CLANG_ANALYZER_NUMBER_OBJECT_CONVERSION = YES_AGGRESSIVE;
				CLANG_CXX_LANGUAGE_STANDARD = "gnu++20";
				CLANG_ENABLE_MODULES = YES;
				CLANG_ENABLE_OBJC_ARC = YES;
				CLANG_ENABLE_OBJC_WEAK = YES;
				CLANG_WARN_BLOCK_CAPTURE_AUTORELEASING = YES;
				CLANG_WARN_BOOL_CONVERSION = YES;
				CLANG_WARN_COMMA = YES;
				CLANG_WARN_CONSTANT_CONVERSION = YES;
				CLANG_WARN_DEPRECATED_OBJC_IMPLEMENTATIONS = YES;
				CLANG_WARN_DIRECT_OBJC_ISA_USAGE = YES_ERROR;
				CLANG_WARN_DOCUMENTATION_COMMENTS = YES;
				CLANG_WARN_EMPTY_BODY = YES;
				CLANG_WARN_ENUM_CONVERSION = YES;
				CLANG_WARN_INFINITE_RECURSION = YES;
				CLANG_WARN_INT_CONVERSION = YES;
				CLANG_WARN_NON_LITERAL_NULL_CONVERSION = YES;
				CLANG_WARN_OBJC_IMPLICIT_RETAIN_SELF = YES;
				CLANG_WARN_OBJC_LITERAL_CONVERSION = YES;
				CLANG_WARN_OBJC_ROOT_CLASS = YES_ERROR;
				CLANG_WARN_QUOTED_INCLUDE_IN_FRAMEWORK_HEADER = YES;
				CLANG_WARN_RANGE_LOOP_ANALYSIS = YES;
				CLANG_WARN_STRICT_PROTOTYPES = YES;
				CLANG_WARN_SUSPICIOUS_MOVE = YES;
				CLANG_WARN_UNGUARDED_AVAILABILITY = YES_AGGRESSIVE;
				CLANG_WARN_UNREACHABLE_CODE = YES;
				CLANG_WARN__DUPLICATE_METHOD_MATCH = YES;
				COPY_PHASE_STRIP = NO;
				DEBUG_INFORMATION_FORMAT = "dwarf-with-dsym";
				ENABLE_NS_ASSERTIONS = NO;
				ENABLE_STRICT_OBJC_MSGSEND = YES;
				ENABLE_USER_SCRIPT_SANDBOXING = YES;
				GCC_C_LANGUAGE_STANDARD = gnu17;
				GCC_NO_COMMON_BLOCKS = YES;
				GCC_WARN_64_TO_32_BIT_CONVERSION = YES;
				GCC_WARN_ABOUT_RETURN_TYPE = YES_ERROR;
				GCC_WARN_UNDECLARED_SELECTOR = YES;
				GCC_WARN_UNINITIALIZED_AUTOS = YES_AGGRESSIVE;
				GCC_WARN_UNUSED_FUNCTION = YES;
				GCC_WARN_UNUSED_VARIABLE = YES;
				IPHONEOS_DEPLOYMENT_TARGET = 17.0;
				LOCALIZATION_PREFERS_STRING_CATALOGS = YES;
				MTL_ENABLE_DEBUG_INFO = NO;
				MTL_FAST_MATH = YES;
				SDKROOT = iphoneos;
				SWIFT_COMPILATION_MODE = wholemodule;
				VALIDATE_PRODUCT = YES;
			};
			name = Release;
		};
		56E1AE292AB9AEAC008F2522 /* Debug */ = {
			isa = XCBuildConfiguration;
			buildSettings = {
				ASSETCATALOG_COMPILER_APPICON_NAME = AppIcon;
				ASSETCATALOG_COMPILER_GLOBAL_ACCENT_COLOR_NAME = AccentColor;
				CODE_SIGN_STYLE = Automatic;
				CURRENT_PROJECT_VERSION = 1;
				DEVELOPMENT_TEAM = ZB9T445DD6;
				GENERATE_INFOPLIST_FILE = YES;
				INFOPLIST_FILE = Marvel/Info.plist;
				INFOPLIST_KEY_UIApplicationSupportsIndirectInputEvents = YES;
				INFOPLIST_KEY_UILaunchStoryboardName = LaunchScreen;
				INFOPLIST_KEY_UISupportedInterfaceOrientations_iPad = "UIInterfaceOrientationPortrait UIInterfaceOrientationPortraitUpsideDown UIInterfaceOrientationLandscapeLeft UIInterfaceOrientationLandscapeRight";
				INFOPLIST_KEY_UISupportedInterfaceOrientations_iPhone = "UIInterfaceOrientationPortrait UIInterfaceOrientationLandscapeLeft UIInterfaceOrientationLandscapeRight";
				LD_RUNPATH_SEARCH_PATHS = (
					"$(inherited)",
					"@executable_path/Frameworks",
				);
				MARKETING_VERSION = 1.0;
				PRODUCT_BUNDLE_IDENTIFIER = com.jpkayle.MarvelApp;
				PRODUCT_NAME = "$(TARGET_NAME)";
				SWIFT_EMIT_LOC_STRINGS = YES;
				SWIFT_VERSION = 5.0;
				TARGETED_DEVICE_FAMILY = "1,2";
			};
			name = Debug;
		};
		56E1AE2A2AB9AEAC008F2522 /* Release */ = {
			isa = XCBuildConfiguration;
			buildSettings = {
				ASSETCATALOG_COMPILER_APPICON_NAME = AppIcon;
				ASSETCATALOG_COMPILER_GLOBAL_ACCENT_COLOR_NAME = AccentColor;
				CODE_SIGN_STYLE = Automatic;
				CURRENT_PROJECT_VERSION = 1;
				DEVELOPMENT_TEAM = ZB9T445DD6;
				GENERATE_INFOPLIST_FILE = YES;
				INFOPLIST_FILE = Marvel/Info.plist;
				INFOPLIST_KEY_UIApplicationSupportsIndirectInputEvents = YES;
				INFOPLIST_KEY_UILaunchStoryboardName = LaunchScreen;
				INFOPLIST_KEY_UISupportedInterfaceOrientations_iPad = "UIInterfaceOrientationPortrait UIInterfaceOrientationPortraitUpsideDown UIInterfaceOrientationLandscapeLeft UIInterfaceOrientationLandscapeRight";
				INFOPLIST_KEY_UISupportedInterfaceOrientations_iPhone = "UIInterfaceOrientationPortrait UIInterfaceOrientationLandscapeLeft UIInterfaceOrientationLandscapeRight";
				LD_RUNPATH_SEARCH_PATHS = (
					"$(inherited)",
					"@executable_path/Frameworks",
				);
				MARKETING_VERSION = 1.0;
				PRODUCT_BUNDLE_IDENTIFIER = com.jpkayle.MarvelApp;
				PRODUCT_NAME = "$(TARGET_NAME)";
				SWIFT_EMIT_LOC_STRINGS = YES;
				SWIFT_VERSION = 5.0;
				TARGETED_DEVICE_FAMILY = "1,2";
			};
			name = Release;
		};
/* End XCBuildConfiguration section */

/* Begin XCConfigurationList section */
		56E1AE0F2AB9AEAA008F2522 /* Build configuration list for PBXProject "Marvel" */ = {
			isa = XCConfigurationList;
			buildConfigurations = (
				56E1AE262AB9AEAC008F2522 /* Debug */,
				56E1AE272AB9AEAC008F2522 /* Release */,
			);
			defaultConfigurationIsVisible = 0;
			defaultConfigurationName = Release;
		};
		56E1AE282AB9AEAC008F2522 /* Build configuration list for PBXNativeTarget "Marvel" */ = {
			isa = XCConfigurationList;
			buildConfigurations = (
				56E1AE292AB9AEAC008F2522 /* Debug */,
				56E1AE2A2AB9AEAC008F2522 /* Release */,
			);
			defaultConfigurationIsVisible = 0;
			defaultConfigurationName = Release;
		};
/* End XCConfigurationList section */
	};
	rootObject = 56E1AE0C2AB9AEAA008F2522 /* Project object */;
}
